
Microsoft Visual Studio Solution File, Format Version 12.00
# Visual Studio 2013
VisualStudioVersion = 12.0.31101.0
MinimumVisualStudioVersion = 10.0.40219.1
Project("{2150E333-8FDC-42A3-9474-1A3956D46DE8}") = "Example 1", "Example 1", "{260FDC02-F55F-489A-8C9E-374048B743A7}"
EndProject
Project("{FAE04EC0-301F-11D3-BF4B-00C04F79EFBC}") = "Example1.Client", "Example1\Example1.Client.csproj", "{4354E925-2C00-4198-9CE5-B0320FC9D9C1}"
EndProject
Project("{FAE04EC0-301F-11D3-BF4B-00C04F79EFBC}") = "Example1.Messages", "Example1.Messages\Example1.Messages.csproj", "{0485C944-99DC-425D-9129-CAF6D9DC708E}"
EndProject
Project("{2150E333-8FDC-42A3-9474-1A3956D46DE8}") = "Example 2", "Example 2", "{055D28B2-B245-4C89-8E23-6C95E012B4CE}"
EndProject
Project("{FAE04EC0-301F-11D3-BF4B-00C04F79EFBC}") = "Example2.Publisher", "Example2.Publisher\Example2.Publisher.csproj", "{60C758C9-662B-4E19-BD6D-8D600EA6A743}"
EndProject
Project("{FAE04EC0-301F-11D3-BF4B-00C04F79EFBC}") = "Example2.Subscriber", "Example2.Subscriber\Example2.Subscriber.csproj", "{71255E7B-47FD-410E-A726-BF1364DAD327}"
EndProject
Project("{FAE04EC0-301F-11D3-BF4B-00C04F79EFBC}") = "Example2.Events", "Example2.Messages\Example2.Events.csproj", "{FC7F83CB-8B76-492A-A4A4-7177232FC4ED}"
EndProject
Project("{FAE04EC0-301F-11D3-BF4B-00C04F79EFBC}") = "Example1.Server", "Example1.Server\Example1.Server.csproj", "{F771D3B9-1DC2-4E6C-B18F-4A77B68AE59A}"
EndProject
Project("{FAE04EC0-301F-11D3-BF4B-00C04F79EFBC}") = "Example2.NoAutoSubscriber", "Example2.NoAutoSubscriber\Example2.NoAutoSubscriber.csproj", "{369E8E84-D170-43B0-86BB-F157EF5F0980}"
EndProject
Project("{2150E333-8FDC-42A3-9474-1A3956D46DE8}") = "Example 3", "Example 3", "{CFBE0A77-B445-4AF8-BEC3-B563CA69FF95}"
EndProject
Project("{FAE04EC0-301F-11D3-BF4B-00C04F79EFBC}") = "Billing", "Billing\Billing.csproj", "{9714C7BD-4A3B-44A0-B6C1-FE099B82E4ED}"
EndProject
Project("{FAE04EC0-301F-11D3-BF4B-00C04F79EFBC}") = "Billing.Events", "Billing.Events\Billing.Events.csproj", "{84375503-0E49-4A1C-84E1-C0D30E21A74E}"
EndProject
Project("{FAE04EC0-301F-11D3-BF4B-00C04F79EFBC}") = "Sales", "Sales\Sales.csproj", "{73843706-6838-4355-B23B-A0D1BA5ADE7E}"
EndProject
Project("{FAE04EC0-301F-11D3-BF4B-00C04F79EFBC}") = "Sales.Events", "Sales.Events\Sales.Events.csproj", "{B49135BA-300D-41AE-BE47-598BE4A3D91C}"
EndProject
Project("{2150E333-8FDC-42A3-9474-1A3956D46DE8}") = "Billing", "Billing", "{595DB3A1-12D8-4971-AB1C-22630D77E49C}"
EndProject
Project("{2150E333-8FDC-42A3-9474-1A3956D46DE8}") = "Sales", "Sales", "{00705EED-7A58-44E7-9D00-94FE95B2D55D}"
EndProject
Project("{2150E333-8FDC-42A3-9474-1A3956D46DE8}") = "Shared", "Shared", "{69795C7C-3ADB-42F8-8B6F-F0C652219EC8}"
EndProject
Project("{FAE04EC0-301F-11D3-BF4B-00C04F79EFBC}") = "Shared.Conventions", "Shared.Conventions\Shared.Conventions.csproj", "{A9C49A1F-86D7-4FFB-82F9-C8BC544B33D0}"
EndProject
Project("{FAE04EC0-301F-11D3-BF4B-00C04F79EFBC}") = "Shared.Events", "Shared.Events\Shared.Events.csproj", "{AA18E3A6-2E4F-410D-8115-1CD0D6AC74CA}"
EndProject
Project("{2150E333-8FDC-42A3-9474-1A3956D46DE8}") = "Shipping", "Shipping", "{826FF840-D821-4D40-A4F1-CA04CAF778BE}"
EndProject
Project("{FAE04EC0-301F-11D3-BF4B-00C04F79EFBC}") = "Shipping", "Shipping\Shipping.csproj", "{57B8F187-6F8D-4A8B-B960-BB63C4AD8BAF}"
EndProject
Project("{FAE04EC0-301F-11D3-BF4B-00C04F79EFBC}") = "Shipping.Sagas", "Shipping.Sagas\Shipping.Sagas.csproj", "{848ABDC3-82AA-498D-A2BE-F4B0224295E0}"
EndProject
Global
	GlobalSection(SolutionConfigurationPlatforms) = preSolution
		Debug|Any CPU = Debug|Any CPU
		Release|Any CPU = Release|Any CPU
	EndGlobalSection
	GlobalSection(ProjectConfigurationPlatforms) = postSolution
		{4354E925-2C00-4198-9CE5-B0320FC9D9C1}.Debug|Any CPU.ActiveCfg = Debug|Any CPU
		{4354E925-2C00-4198-9CE5-B0320FC9D9C1}.Debug|Any CPU.Build.0 = Debug|Any CPU
		{4354E925-2C00-4198-9CE5-B0320FC9D9C1}.Release|Any CPU.ActiveCfg = Release|Any CPU
		{4354E925-2C00-4198-9CE5-B0320FC9D9C1}.Release|Any CPU.Build.0 = Release|Any CPU
		{0485C944-99DC-425D-9129-CAF6D9DC708E}.Debug|Any CPU.ActiveCfg = Debug|Any CPU
		{0485C944-99DC-425D-9129-CAF6D9DC708E}.Debug|Any CPU.Build.0 = Debug|Any CPU
		{0485C944-99DC-425D-9129-CAF6D9DC708E}.Release|Any CPU.ActiveCfg = Release|Any CPU
		{0485C944-99DC-425D-9129-CAF6D9DC708E}.Release|Any CPU.Build.0 = Release|Any CPU
		{60C758C9-662B-4E19-BD6D-8D600EA6A743}.Debug|Any CPU.ActiveCfg = Debug|Any CPU
		{60C758C9-662B-4E19-BD6D-8D600EA6A743}.Debug|Any CPU.Build.0 = Debug|Any CPU
		{60C758C9-662B-4E19-BD6D-8D600EA6A743}.Release|Any CPU.ActiveCfg = Release|Any CPU
		{60C758C9-662B-4E19-BD6D-8D600EA6A743}.Release|Any CPU.Build.0 = Release|Any CPU
		{71255E7B-47FD-410E-A726-BF1364DAD327}.Debug|Any CPU.ActiveCfg = Debug|Any CPU
		{71255E7B-47FD-410E-A726-BF1364DAD327}.Debug|Any CPU.Build.0 = Debug|Any CPU
		{71255E7B-47FD-410E-A726-BF1364DAD327}.Release|Any CPU.ActiveCfg = Release|Any CPU
		{71255E7B-47FD-410E-A726-BF1364DAD327}.Release|Any CPU.Build.0 = Release|Any CPU
		{FC7F83CB-8B76-492A-A4A4-7177232FC4ED}.Debug|Any CPU.ActiveCfg = Debug|Any CPU
		{FC7F83CB-8B76-492A-A4A4-7177232FC4ED}.Debug|Any CPU.Build.0 = Debug|Any CPU
		{FC7F83CB-8B76-492A-A4A4-7177232FC4ED}.Release|Any CPU.ActiveCfg = Release|Any CPU
		{FC7F83CB-8B76-492A-A4A4-7177232FC4ED}.Release|Any CPU.Build.0 = Release|Any CPU
		{F771D3B9-1DC2-4E6C-B18F-4A77B68AE59A}.Debug|Any CPU.ActiveCfg = Debug|Any CPU
		{F771D3B9-1DC2-4E6C-B18F-4A77B68AE59A}.Debug|Any CPU.Build.0 = Debug|Any CPU
		{F771D3B9-1DC2-4E6C-B18F-4A77B68AE59A}.Release|Any CPU.ActiveCfg = Release|Any CPU
		{F771D3B9-1DC2-4E6C-B18F-4A77B68AE59A}.Release|Any CPU.Build.0 = Release|Any CPU
		{369E8E84-D170-43B0-86BB-F157EF5F0980}.Debug|Any CPU.ActiveCfg = Debug|Any CPU
		{369E8E84-D170-43B0-86BB-F157EF5F0980}.Debug|Any CPU.Build.0 = Debug|Any CPU
		{369E8E84-D170-43B0-86BB-F157EF5F0980}.Release|Any CPU.ActiveCfg = Release|Any CPU
		{369E8E84-D170-43B0-86BB-F157EF5F0980}.Release|Any CPU.Build.0 = Release|Any CPU
		{9714C7BD-4A3B-44A0-B6C1-FE099B82E4ED}.Debug|Any CPU.ActiveCfg = Debug|Any CPU
		{9714C7BD-4A3B-44A0-B6C1-FE099B82E4ED}.Debug|Any CPU.Build.0 = Debug|Any CPU
		{9714C7BD-4A3B-44A0-B6C1-FE099B82E4ED}.Release|Any CPU.ActiveCfg = Release|Any CPU
		{9714C7BD-4A3B-44A0-B6C1-FE099B82E4ED}.Release|Any CPU.Build.0 = Release|Any CPU
		{84375503-0E49-4A1C-84E1-C0D30E21A74E}.Debug|Any CPU.ActiveCfg = Debug|Any CPU
		{84375503-0E49-4A1C-84E1-C0D30E21A74E}.Debug|Any CPU.Build.0 = Debug|Any CPU
		{84375503-0E49-4A1C-84E1-C0D30E21A74E}.Release|Any CPU.ActiveCfg = Release|Any CPU
		{84375503-0E49-4A1C-84E1-C0D30E21A74E}.Release|Any CPU.Build.0 = Release|Any CPU
		{73843706-6838-4355-B23B-A0D1BA5ADE7E}.Debug|Any CPU.ActiveCfg = Debug|Any CPU
		{73843706-6838-4355-B23B-A0D1BA5ADE7E}.Debug|Any CPU.Build.0 = Debug|Any CPU
		{73843706-6838-4355-B23B-A0D1BA5ADE7E}.Release|Any CPU.ActiveCfg = Release|Any CPU
		{73843706-6838-4355-B23B-A0D1BA5ADE7E}.Release|Any CPU.Build.0 = Release|Any CPU
		{B49135BA-300D-41AE-BE47-598BE4A3D91C}.Debug|Any CPU.ActiveCfg = Debug|Any CPU
		{B49135BA-300D-41AE-BE47-598BE4A3D91C}.Debug|Any CPU.Build.0 = Debug|Any CPU
		{B49135BA-300D-41AE-BE47-598BE4A3D91C}.Release|Any CPU.ActiveCfg = Release|Any CPU
		{B49135BA-300D-41AE-BE47-598BE4A3D91C}.Release|Any CPU.Build.0 = Release|Any CPU
		{A9C49A1F-86D7-4FFB-82F9-C8BC544B33D0}.Debug|Any CPU.ActiveCfg = Debug|Any CPU
		{A9C49A1F-86D7-4FFB-82F9-C8BC544B33D0}.Debug|Any CPU.Build.0 = Debug|Any CPU
		{A9C49A1F-86D7-4FFB-82F9-C8BC544B33D0}.Release|Any CPU.ActiveCfg = Release|Any CPU
		{A9C49A1F-86D7-4FFB-82F9-C8BC544B33D0}.Release|Any CPU.Build.0 = Release|Any CPU
		{AA18E3A6-2E4F-410D-8115-1CD0D6AC74CA}.Debug|Any CPU.ActiveCfg = Debug|Any CPU
		{AA18E3A6-2E4F-410D-8115-1CD0D6AC74CA}.Debug|Any CPU.Build.0 = Debug|Any CPU
		{AA18E3A6-2E4F-410D-8115-1CD0D6AC74CA}.Release|Any CPU.ActiveCfg = Release|Any CPU
		{AA18E3A6-2E4F-410D-8115-1CD0D6AC74CA}.Release|Any CPU.Build.0 = Release|Any CPU
		{57B8F187-6F8D-4A8B-B960-BB63C4AD8BAF}.Debug|Any CPU.ActiveCfg = Debug|Any CPU
		{57B8F187-6F8D-4A8B-B960-BB63C4AD8BAF}.Debug|Any CPU.Build.0 = Debug|Any CPU
		{57B8F187-6F8D-4A8B-B960-BB63C4AD8BAF}.Release|Any CPU.ActiveCfg = Release|Any CPU
		{57B8F187-6F8D-4A8B-B960-BB63C4AD8BAF}.Release|Any CPU.Build.0 = Release|Any CPU
		{848ABDC3-82AA-498D-A2BE-F4B0224295E0}.Debug|Any CPU.ActiveCfg = Debug|Any CPU
		{848ABDC3-82AA-498D-A2BE-F4B0224295E0}.Debug|Any CPU.Build.0 = Debug|Any CPU
		{848ABDC3-82AA-498D-A2BE-F4B0224295E0}.Release|Any CPU.ActiveCfg = Release|Any CPU
		{848ABDC3-82AA-498D-A2BE-F4B0224295E0}.Release|Any CPU.Build.0 = Release|Any CPU
	EndGlobalSection
	GlobalSection(SolutionProperties) = preSolution
		HideSolutionNode = FALSE
	EndGlobalSection
	GlobalSection(NestedProjects) = preSolution
		{4354E925-2C00-4198-9CE5-B0320FC9D9C1} = {260FDC02-F55F-489A-8C9E-374048B743A7}
		{0485C944-99DC-425D-9129-CAF6D9DC708E} = {260FDC02-F55F-489A-8C9E-374048B743A7}
		{60C758C9-662B-4E19-BD6D-8D600EA6A743} = {055D28B2-B245-4C89-8E23-6C95E012B4CE}
		{71255E7B-47FD-410E-A726-BF1364DAD327} = {055D28B2-B245-4C89-8E23-6C95E012B4CE}
		{FC7F83CB-8B76-492A-A4A4-7177232FC4ED} = {055D28B2-B245-4C89-8E23-6C95E012B4CE}
		{F771D3B9-1DC2-4E6C-B18F-4A77B68AE59A} = {260FDC02-F55F-489A-8C9E-374048B743A7}
		{369E8E84-D170-43B0-86BB-F157EF5F0980} = {055D28B2-B245-4C89-8E23-6C95E012B4CE}
		{9714C7BD-4A3B-44A0-B6C1-FE099B82E4ED} = {595DB3A1-12D8-4971-AB1C-22630D77E49C}
		{84375503-0E49-4A1C-84E1-C0D30E21A74E} = {595DB3A1-12D8-4971-AB1C-22630D77E49C}
		{73843706-6838-4355-B23B-A0D1BA5ADE7E} = {00705EED-7A58-44E7-9D00-94FE95B2D55D}
		{B49135BA-300D-41AE-BE47-598BE4A3D91C} = {00705EED-7A58-44E7-9D00-94FE95B2D55D}
		{595DB3A1-12D8-4971-AB1C-22630D77E49C} = {CFBE0A77-B445-4AF8-BEC3-B563CA69FF95}
		{00705EED-7A58-44E7-9D00-94FE95B2D55D} = {CFBE0A77-B445-4AF8-BEC3-B563CA69FF95}
		{69795C7C-3ADB-42F8-8B6F-F0C652219EC8} = {CFBE0A77-B445-4AF8-BEC3-B563CA69FF95}
		{A9C49A1F-86D7-4FFB-82F9-C8BC544B33D0} = {69795C7C-3ADB-42F8-8B6F-F0C652219EC8}
		{AA18E3A6-2E4F-410D-8115-1CD0D6AC74CA} = {69795C7C-3ADB-42F8-8B6F-F0C652219EC8}
		{826FF840-D821-4D40-A4F1-CA04CAF778BE} = {CFBE0A77-B445-4AF8-BEC3-B563CA69FF95}
		{57B8F187-6F8D-4A8B-B960-BB63C4AD8BAF} = {826FF840-D821-4D40-A4F1-CA04CAF778BE}
		{848ABDC3-82AA-498D-A2BE-F4B0224295E0} = {826FF840-D821-4D40-A4F1-CA04CAF778BE}
	EndGlobalSection
EndGlobal
